
Microsoft Visual Studio Solution File, Format Version 12.00
# Visual Studio Version 17
VisualStudioVersion = 17.0.32112.339
MinimumVisualStudioVersion = 10.0.40219.1
Project("{2150E333-8FDC-42A3-9474-1A3956D46DE8}") = "Services", "Services", "{1D548A86-68D2-46A6-AB89-2FA5F9DF5E2E}"
EndProject
Project("{2150E333-8FDC-42A3-9474-1A3956D46DE8}") = "WebApps", "WebApps", "{511915D7-B5F9-409A-997C-C7765A8EECD2}"
EndProject
Project("{2150E333-8FDC-42A3-9474-1A3956D46DE8}") = "Cadastros", "Cadastros", "{AD826763-C8FD-4B40-8C7C-2BBCEE83EBE4}"
EndProject
Project("{2150E333-8FDC-42A3-9474-1A3956D46DE8}") = "Catalogo", "Catalogo", "{CF1FBD38-D160-4178-A4E9-2443F710DDF6}"
EndProject
Project("{2150E333-8FDC-42A3-9474-1A3956D46DE8}") = "Core", "Core", "{00437659-BE8B-4B0C-8E44-9E9E223E3604}"
EndProject
Project("{2150E333-8FDC-42A3-9474-1A3956D46DE8}") = "Fiscal", "Fiscal", "{36B5BC8B-64E0-42E1-9A93-CCA2A5CA8359}"
EndProject
Project("{2150E333-8FDC-42A3-9474-1A3956D46DE8}") = "Pagamentos", "Pagamentos", "{F2287D32-8162-487C-8F5F-63AF52EF523F}"
EndProject
Project("{2150E333-8FDC-42A3-9474-1A3956D46DE8}") = "Vendas", "Vendas", "{11531FAB-0DC1-46F4-96DB-B54A41030FE0}"
EndProject
Project("{9A19103F-16F7-4668-BE54-9A1E7A4F7556}") = "NerdStore.Catalogo.Domain", "src\NerdStore.Catalogo.Domain\NerdStore.Catalogo.Domain.csproj", "{CF50C02E-4F09-42B1-A6A3-40CEC76F6FC0}"
EndProject
Project("{9A19103F-16F7-4668-BE54-9A1E7A4F7556}") = "NerdStore.Core", "src\NerdStore.Core\NerdStore.Core.csproj", "{8FF4316F-7329-45C8-BCA2-7D3EC7FF4528}"
EndProject
Project("{2150E333-8FDC-42A3-9474-1A3956D46DE8}") = "Tests", "Tests", "{3469078F-3D74-4A5F-8EFF-78DD587802FB}"
EndProject
Project("{FAE04EC0-301F-11D3-BF4B-00C04F79EFBC}") = "NerdStore.Catalogo.Domain.Tests", "tests\NerdStore.Catalogo.Domain.Tests\NerdStore.Catalogo.Domain.Tests.csproj", "{F8BF7ACC-3685-4B5E-B259-11ADF0A28C65}"
EndProject
Project("{FAE04EC0-301F-11D3-BF4B-00C04F79EFBC}") = "NerdStore.Catalogo.Data", "src\NerdStore.Catalogo.Data\NerdStore.Catalogo.Data.csproj", "{4FC2891D-2660-4108-9E4D-E9916C41FA62}"
EndProject
Global
	GlobalSection(SolutionConfigurationPlatforms) = preSolution
		Debug|Any CPU = Debug|Any CPU
		Release|Any CPU = Release|Any CPU
	EndGlobalSection
	GlobalSection(ProjectConfigurationPlatforms) = postSolution
		{CF50C02E-4F09-42B1-A6A3-40CEC76F6FC0}.Debug|Any CPU.ActiveCfg = Debug|Any CPU
		{CF50C02E-4F09-42B1-A6A3-40CEC76F6FC0}.Debug|Any CPU.Build.0 = Debug|Any CPU
		{CF50C02E-4F09-42B1-A6A3-40CEC76F6FC0}.Release|Any CPU.ActiveCfg = Release|Any CPU
		{CF50C02E-4F09-42B1-A6A3-40CEC76F6FC0}.Release|Any CPU.Build.0 = Release|Any CPU
		{8FF4316F-7329-45C8-BCA2-7D3EC7FF4528}.Debug|Any CPU.ActiveCfg = Debug|Any CPU
		{8FF4316F-7329-45C8-BCA2-7D3EC7FF4528}.Debug|Any CPU.Build.0 = Debug|Any CPU
		{8FF4316F-7329-45C8-BCA2-7D3EC7FF4528}.Release|Any CPU.ActiveCfg = Release|Any CPU
		{8FF4316F-7329-45C8-BCA2-7D3EC7FF4528}.Release|Any CPU.Build.0 = Release|Any CPU
		{F8BF7ACC-3685-4B5E-B259-11ADF0A28C65}.Debug|Any CPU.ActiveCfg = Debug|Any CPU
		{F8BF7ACC-3685-4B5E-B259-11ADF0A28C65}.Debug|Any CPU.Build.0 = Debug|Any CPU
		{F8BF7ACC-3685-4B5E-B259-11ADF0A28C65}.Release|Any CPU.ActiveCfg = Release|Any CPU
		{F8BF7ACC-3685-4B5E-B259-11ADF0A28C65}.Release|Any CPU.Build.0 = Release|Any CPU
		{4FC2891D-2660-4108-9E4D-E9916C41FA62}.Debug|Any CPU.ActiveCfg = Debug|Any CPU
		{4FC2891D-2660-4108-9E4D-E9916C41FA62}.Debug|Any CPU.Build.0 = Debug|Any CPU
		{4FC2891D-2660-4108-9E4D-E9916C41FA62}.Release|Any CPU.ActiveCfg = Release|Any CPU
		{4FC2891D-2660-4108-9E4D-E9916C41FA62}.Release|Any CPU.Build.0 = Release|Any CPU
	EndGlobalSection
	GlobalSection(SolutionProperties) = preSolution
		HideSolutionNode = FALSE
	EndGlobalSection
	GlobalSection(NestedProjects) = preSolution
		{AD826763-C8FD-4B40-8C7C-2BBCEE83EBE4} = {1D548A86-68D2-46A6-AB89-2FA5F9DF5E2E}
		{CF1FBD38-D160-4178-A4E9-2443F710DDF6} = {1D548A86-68D2-46A6-AB89-2FA5F9DF5E2E}
		{00437659-BE8B-4B0C-8E44-9E9E223E3604} = {1D548A86-68D2-46A6-AB89-2FA5F9DF5E2E}
		{36B5BC8B-64E0-42E1-9A93-CCA2A5CA8359} = {1D548A86-68D2-46A6-AB89-2FA5F9DF5E2E}
		{F2287D32-8162-487C-8F5F-63AF52EF523F} = {1D548A86-68D2-46A6-AB89-2FA5F9DF5E2E}
		{11531FAB-0DC1-46F4-96DB-B54A41030FE0} = {1D548A86-68D2-46A6-AB89-2FA5F9DF5E2E}
		{CF50C02E-4F09-42B1-A6A3-40CEC76F6FC0} = {CF1FBD38-D160-4178-A4E9-2443F710DDF6}
		{8FF4316F-7329-45C8-BCA2-7D3EC7FF4528} = {00437659-BE8B-4B0C-8E44-9E9E223E3604}
		{3469078F-3D74-4A5F-8EFF-78DD587802FB} = {CF1FBD38-D160-4178-A4E9-2443F710DDF6}
		{F8BF7ACC-3685-4B5E-B259-11ADF0A28C65} = {3469078F-3D74-4A5F-8EFF-78DD587802FB}
		{4FC2891D-2660-4108-9E4D-E9916C41FA62} = {CF1FBD38-D160-4178-A4E9-2443F710DDF6}
	EndGlobalSection
	GlobalSection(ExtensibilityGlobals) = postSolution
		SolutionGuid = {8D83DA3B-AF0D-457E-B0E7-D22987ED5A83}
	EndGlobalSection
EndGlobal
